
Microsoft Visual Studio Solution File, Format Version 12.00
# Visual Studio 16
Project("{FAE04EC0-301F-11D3-BF4B-00C04F79EFBC}") = "Assembly-CSharp", "Assembly-CSharp.csproj", "{E3046B2C-3A69-21D6-642C-8E6056463AD9}"
EndProject
Project("{FAE04EC0-301F-11D3-BF4B-00C04F79EFBC}") = "Assembly-CSharp-Editor-firstpass", "Assembly-CSharp-Editor-firstpass.csproj", "{35142299-0D3D-A4AF-4E38-308DD72E22DD}"
EndProject
Project("{FAE04EC0-301F-11D3-BF4B-00C04F79EFBC}") = "Assembly-CSharp-Editor", "Assembly-CSharp-Editor.csproj", "{1173D7F3-2B89-93E5-CDA3-8125EC3CC6BE}"
EndProject
Global
	GlobalSection(SolutionConfigurationPlatforms) = preSolution
		Debug|Any CPU = Debug|Any CPU
		Release|Any CPU = Release|Any CPU
	EndGlobalSection
	GlobalSection(ProjectConfigurationPlatforms) = postSolution
		{E3046B2C-3A69-21D6-642C-8E6056463AD9}.Debug|Any CPU.ActiveCfg = Debug|Any CPU
		{E3046B2C-3A69-21D6-642C-8E6056463AD9}.Debug|Any CPU.Build.0 = Debug|Any CPU
		{E3046B2C-3A69-21D6-642C-8E6056463AD9}.Release|Any CPU.ActiveCfg = Release|Any CPU
		{E3046B2C-3A69-21D6-642C-8E6056463AD9}.Release|Any CPU.Build.0 = Release|Any CPU
		{35142299-0D3D-A4AF-4E38-308DD72E22DD}.Debug|Any CPU.ActiveCfg = Debug|Any CPU
		{35142299-0D3D-A4AF-4E38-308DD72E22DD}.Debug|Any CPU.Build.0 = Debug|Any CPU
		{35142299-0D3D-A4AF-4E38-308DD72E22DD}.Release|Any CPU.ActiveCfg = Release|Any CPU
		{35142299-0D3D-A4AF-4E38-308DD72E22DD}.Release|Any CPU.Build.0 = Release|Any CPU
		{1173D7F3-2B89-93E5-CDA3-8125EC3CC6BE}.Debug|Any CPU.ActiveCfg = Debug|Any CPU
		{1173D7F3-2B89-93E5-CDA3-8125EC3CC6BE}.Debug|Any CPU.Build.0 = Debug|Any CPU
		{1173D7F3-2B89-93E5-CDA3-8125EC3CC6BE}.Release|Any CPU.ActiveCfg = Release|Any CPU
		{1173D7F3-2B89-93E5-CDA3-8125EC3CC6BE}.Release|Any CPU.Build.0 = Release|Any CPU
	EndGlobalSection
	GlobalSection(SolutionProperties) = preSolution
		HideSolutionNode = FALSE
	EndGlobalSection
EndGlobal
